{
    "_readme": [
        "This file locks the dependencies of your project to a known state",
        "Read more about it at https://getcomposer.org/doc/01-basic-usage.md#installing-dependencies",
        "This file is @generated automatically"
    ],
    "content-hash": "42d76fe4d85ad6439bfe642024d71090",
    "packages": [
        {
            "name": "yepsua/jquery4php",
            "version": "v1.7.0",
            "source": {
                "type": "git",
                "url": "https://github.com/oyepez003/jQuery4PHP.git",
                "reference": "fedff0be025bc2dca738151df96c6d8057cceb70"
            },
            "dist": {
                "type": "zip",
                "url": "https://api.github.com/repos/oyepez003/jQuery4PHP/zipball/fedff0be025bc2dca738151df96c6d8057cceb70",
                "reference": "fedff0be025bc2dca738151df96c6d8057cceb70",
                "shasum": ""
            },
            "require": {
                "php": ">=5.2.4"
            },
            "type": "library",
            "autoload": {
                "files": [
                    "YepSua/Labs/RIA/jQuery4PHP/jquery4php_required.php"
                ]
            },
            "notification-url": "https://packagist.org/downloads/",
            "license": [
                "GPL",
                "MIT"
            ],
            "authors": [
                {
                    "name": "Omar Yepez",
                    "email": "omar.yepez@yepsua.com"
                }
            ],
            "description": "Makes easy writing javascript code (jQuery syntax) using PHP objects",
            "homepage": "http://jquery4php.sourceforge.net/",
            "keywords": [
                "jQuery plugins",
                "jQuery4PHP",
                "jQueryUI",
                "jquery",
                "php"
            ],
            "support": {
                "issues": "https://github.com/oyepez003/jQuery4PHP/issues",
                "source": "https://github.com/oyepez003/jQuery4PHP/tree/1.7.0"
            },
            "time": "2015-03-17T20:34:39+00:00"
        }
    ],
    "packages-dev": [],
    "aliases": [],
    "minimum-stability": "stable",
    "stability-flags": [],
    "prefer-stable": false,
    "prefer-lowest": false,
    "platform": [],
    "platform-dev": [],
    "plugin-api-version": "2.3.0"
}
